
Microsoft Visual Studio Solution File, Format Version 12.00
# Visual Studio Version 16
VisualStudioVersion = 16.0.30114.105
MinimumVisualStudioVersion = 10.0.40219.1
Project("{FAE04EC0-301F-11D3-BF4B-00C04F79EFBC}") = "aoci04", "aoci04\aoci04.csproj", "{20388DA7-F8E5-4B4C-90F3-19D912A2E2CB}"
EndProject
Global
	GlobalSection(SolutionConfigurationPlatforms) = preSolution
		Debug|Any CPU = Debug|Any CPU
		Release|Any CPU = Release|Any CPU
	EndGlobalSection
	GlobalSection(ProjectConfigurationPlatforms) = postSolution
		{20388DA7-F8E5-4B4C-90F3-19D912A2E2CB}.Debug|Any CPU.ActiveCfg = Debug|Any CPU
		{20388DA7-F8E5-4B4C-90F3-19D912A2E2CB}.Debug|Any CPU.Build.0 = Debug|Any CPU
		{20388DA7-F8E5-4B4C-90F3-19D912A2E2CB}.Release|Any CPU.ActiveCfg = Release|Any CPU
		{20388DA7-F8E5-4B4C-90F3-19D912A2E2CB}.Release|Any CPU.Build.0 = Release|Any CPU
	EndGlobalSection
	GlobalSection(SolutionProperties) = preSolution
		HideSolutionNode = FALSE
	EndGlobalSection
	GlobalSection(ExtensibilityGlobals) = postSolution
		SolutionGuid = {6C8FFD41-C898-474A-A653-F93299017DE9}
	EndGlobalSection
EndGlobal
